
Microsoft Visual Studio Solution File, Format Version 12.00
# Visual Studio Version 17
VisualStudioVersion = 17.14.36429.23
MinimumVisualStudioVersion = 10.0.40219.1
Project("{2150E333-8FDC-42A3-9474-1A3956D46DE8}") = "Task0", "Task0", "{02EA681E-C7D8-13C7-8484-4AC65E1B71E8}"
EndProject
Project("{FAE04EC0-301F-11D3-BF4B-00C04F79EFBC}") = "tyuiu.axyonovma.sprint0.task0.v0", "tyuiu.axyonovma.sprint0.task0.v0\tyuiu.axyonovma.sprint0.task0.v0.csproj", "{82B765F0-48E9-4BD0-B5E8-D883EA373952}"
EndProject
Project("{2150E333-8FDC-42A3-9474-1A3956D46DE8}") = "Task1", "Task1", "{27CCE550-AC37-4B51-83B1-EA24BABF5719}"
EndProject
Project("{FAE04EC0-301F-11D3-BF4B-00C04F79EFBC}") = "tyuiu.axyonovma.sprint0.task1.v0", "tyuiu.axyonovma.sprint0.task1.v0\tyuiu.axyonovma.sprint0.task1.v0.csproj", "{8BB985DE-AB8C-492B-9C84-36E77C22DBB3}"
EndProject
Project("{2150E333-8FDC-42A3-9474-1A3956D46DE8}") = "Task2", "Task2", "{A707DEFD-7853-44F5-98ED-7F200A296893}"
EndProject
Project("{FAE04EC0-301F-11D3-BF4B-00C04F79EFBC}") = "tyuiu.axyonovma.sprint0.task2.v0", "tyuiu.axyonovma.sprint0.task2.v0\tyuiu.axyonovma.sprint0.task2.v0.csproj", "{FCF341E6-523D-47A0-94F1-068EDB4B46DF}"
EndProject
Project("{FAE04EC0-301F-11D3-BF4B-00C04F79EFBC}") = "tyuiu.axyonovma.sprint0.task2.v0.lib", "tyuiu.axyonovma.sprint0.task2.v0.lib\tyuiu.axyonovma.sprint0.task2.v0.lib.csproj", "{87C5B19C-4CA0-4693-AAB4-13A6DA3C4B78}"
EndProject
Project("{FAE04EC0-301F-11D3-BF4B-00C04F79EFBC}") = "tyuiu.axyonovma.sprint0.task2.v0.test", "tyuiu.axyonovma.sprint0.task2.v0.test\tyuiu.axyonovma.sprint0.task2.v0.test.csproj", "{B450683B-8C75-4118-AE59-46AA3DAD5DB5}"
EndProject
Project("{2150E333-8FDC-42A3-9474-1A3956D46DE8}") = "Task3", "Task3", "{1ABE8BA8-1B65-4509-9787-305D50903A94}"
EndProject
Project("{FAE04EC0-301F-11D3-BF4B-00C04F79EFBC}") = "Tyuiu.AxyonovMA.Sprint0.Task3.V0", "tyuiu.axyonovma.task3.v0\Tyuiu.AxyonovMA.Sprint0.Task3.V0.csproj", "{26834AA4-D171-4A06-84D0-A4456A54F9D1}"
EndProject
Project("{FAE04EC0-301F-11D3-BF4B-00C04F79EFBC}") = "Tyuiu.AxyonovMA.Sprint0.Task3.V0.Lib", "tyuiu.axyonovma.task3.v0.lib\Tyuiu.AxyonovMA.Sprint0.Task3.V0.Lib.csproj", "{684D588B-80EA-40D8-ACFE-410F6697C068}"
EndProject
Project("{FAE04EC0-301F-11D3-BF4B-00C04F79EFBC}") = "Tyuiu.AxyonovMA.Sprint0.Task3.V0.Test", "tyuiu.axyonovma.task3.v0.test\Tyuiu.AxyonovMA.Sprint0.Task3.V0.Test.csproj", "{E9394E30-E630-49A7-B84A-7E11EA4F7BB0}"
EndProject
Project("{2150E333-8FDC-42A3-9474-1A3956D46DE8}") = "Task4", "Task4", "{0001B996-18F6-4C46-9BCC-914FD0EB1F69}"
EndProject
Project("{FAE04EC0-301F-11D3-BF4B-00C04F79EFBC}") = "Tyuiu.AxyonovMA.Sprint0.Task4.V0", "Tyuiu.AxyonovMA.Sprint0.Task4.V0\Tyuiu.AxyonovMA.Sprint0.Task4.V0.csproj", "{14479BA8-7ACA-4914-8D2F-A686DD05AE6E}"
EndProject
Project("{FAE04EC0-301F-11D3-BF4B-00C04F79EFBC}") = "Tyuiu.AxyonovMA.Sprint0.Task4.V0.Lib", "Tyuiu.AxyonovMA.Sprint0.Task4.V0.Lib\Tyuiu.AxyonovMA.Sprint0.Task4.V0.Lib.csproj", "{EBC6C0C2-97E2-4816-A712-324ED5C0E67D}"
EndProject
Project("{FAE04EC0-301F-11D3-BF4B-00C04F79EFBC}") = "Tyuiu.AxyonovMA.Sprint0.Task4.V0.Test", "Tyuiu.AxyonovMA.Sprint0.Task4.V0.Test\Tyuiu.AxyonovMA.Sprint0.Task4.V0.Test.csproj", "{82A73AC6-9CCF-4D38-834B-2BAFFF0F136F}"
EndProject
Project("{2150E333-8FDC-42A3-9474-1A3956D46DE8}") = "Task5", "Task5", "{9758BA5B-F674-497B-9644-8A5C5D4F322C}"
EndProject
Project("{FAE04EC0-301F-11D3-BF4B-00C04F79EFBC}") = "Tyuiu.AxyonovMA.Sprint0.Task5.V0", "Tyuiu.AxyonovMA.Sprint0.Task5.V0\Tyuiu.AxyonovMA.Sprint0.Task5.V0.csproj", "{4B62D232-0404-49E3-AF9F-7D876BE96D97}"
EndProject
Project("{FAE04EC0-301F-11D3-BF4B-00C04F79EFBC}") = "Tyuiu.AxyonovMA.Sprint0.Task5.V0.Lib", "Tyuiu.AxyonovMA.Sprint0.Task5.V0.Lib\Tyuiu.AxyonovMA.Sprint0.Task5.V0.Lib.csproj", "{75241853-CDE9-464F-9FCC-92896DEAA4C4}"
EndProject
Project("{FAE04EC0-301F-11D3-BF4B-00C04F79EFBC}") = "Tyuiu.AxyonovMA.Sprint0.Task5.V0.Test", "Tyuiu.AxyonovMA.Sprint0.Task5.V0.Test\Tyuiu.AxyonovMA.Sprint0.Task5.V0.Test.csproj", "{5C672C92-9308-4ADD-B051-1DA40E0572BA}"
EndProject
Project("{2150E333-8FDC-42A3-9474-1A3956D46DE8}") = "Task6", "Task6", "{C5B08A50-9A8E-4087-8770-F4B4A26AF694}"
EndProject
Project("{FAE04EC0-301F-11D3-BF4B-00C04F79EFBC}") = "Tyuiu.AxyonovMA.Sprint0.Task6.V0", "Tyuiu.AxyonovMA.Sprint0.Task6.V0\Tyuiu.AxyonovMA.Sprint0.Task6.V0.csproj", "{7E8474F4-99BC-46D7-A50C-A7F2348AB288}"
EndProject
Project("{FAE04EC0-301F-11D3-BF4B-00C04F79EFBC}") = "Tyuiu.AxyonovMA.Sprint0.Task6.V0.Lib", "Tyuiu.AxyonovMA.Sprint0.Task6.V0.Lib\Tyuiu.AxyonovMA.Sprint0.Task6.V0.Lib.csproj", "{CDDA4D17-8ABE-4DA4-A346-65CF86E1C02F}"
EndProject
Project("{FAE04EC0-301F-11D3-BF4B-00C04F79EFBC}") = "Tyuiu.AxyonovMA.Sprint0.Task6.V0.Test", "Tyuiu.AxyonovMA.Sprint0.Task6.V0.Test\Tyuiu.AxyonovMA.Sprint0.Task6.V0.Test.csproj", "{56C5CEEF-3D3B-45E0-A3E6-929A92F86C08}"
EndProject
Global
	GlobalSection(SolutionConfigurationPlatforms) = preSolution
		Debug|Any CPU = Debug|Any CPU
		Release|Any CPU = Release|Any CPU
	EndGlobalSection
	GlobalSection(ProjectConfigurationPlatforms) = postSolution
		{82B765F0-48E9-4BD0-B5E8-D883EA373952}.Debug|Any CPU.ActiveCfg = Debug|Any CPU
		{82B765F0-48E9-4BD0-B5E8-D883EA373952}.Debug|Any CPU.Build.0 = Debug|Any CPU
		{82B765F0-48E9-4BD0-B5E8-D883EA373952}.Release|Any CPU.ActiveCfg = Release|Any CPU
		{82B765F0-48E9-4BD0-B5E8-D883EA373952}.Release|Any CPU.Build.0 = Release|Any CPU
		{8BB985DE-AB8C-492B-9C84-36E77C22DBB3}.Debug|Any CPU.ActiveCfg = Debug|Any CPU
		{8BB985DE-AB8C-492B-9C84-36E77C22DBB3}.Debug|Any CPU.Build.0 = Debug|Any CPU
		{8BB985DE-AB8C-492B-9C84-36E77C22DBB3}.Release|Any CPU.ActiveCfg = Release|Any CPU
		{8BB985DE-AB8C-492B-9C84-36E77C22DBB3}.Release|Any CPU.Build.0 = Release|Any CPU
		{FCF341E6-523D-47A0-94F1-068EDB4B46DF}.Debug|Any CPU.ActiveCfg = Debug|Any CPU
		{FCF341E6-523D-47A0-94F1-068EDB4B46DF}.Debug|Any CPU.Build.0 = Debug|Any CPU
		{FCF341E6-523D-47A0-94F1-068EDB4B46DF}.Release|Any CPU.ActiveCfg = Release|Any CPU
		{FCF341E6-523D-47A0-94F1-068EDB4B46DF}.Release|Any CPU.Build.0 = Release|Any CPU
		{87C5B19C-4CA0-4693-AAB4-13A6DA3C4B78}.Debug|Any CPU.ActiveCfg = Debug|Any CPU
		{87C5B19C-4CA0-4693-AAB4-13A6DA3C4B78}.Debug|Any CPU.Build.0 = Debug|Any CPU
		{87C5B19C-4CA0-4693-AAB4-13A6DA3C4B78}.Release|Any CPU.ActiveCfg = Release|Any CPU
		{87C5B19C-4CA0-4693-AAB4-13A6DA3C4B78}.Release|Any CPU.Build.0 = Release|Any CPU
		{B450683B-8C75-4118-AE59-46AA3DAD5DB5}.Debug|Any CPU.ActiveCfg = Debug|Any CPU
		{B450683B-8C75-4118-AE59-46AA3DAD5DB5}.Debug|Any CPU.Build.0 = Debug|Any CPU
		{B450683B-8C75-4118-AE59-46AA3DAD5DB5}.Release|Any CPU.ActiveCfg = Release|Any CPU
		{B450683B-8C75-4118-AE59-46AA3DAD5DB5}.Release|Any CPU.Build.0 = Release|Any CPU
		{26834AA4-D171-4A06-84D0-A4456A54F9D1}.Debug|Any CPU.ActiveCfg = Debug|Any CPU
		{26834AA4-D171-4A06-84D0-A4456A54F9D1}.Debug|Any CPU.Build.0 = Debug|Any CPU
		{26834AA4-D171-4A06-84D0-A4456A54F9D1}.Release|Any CPU.ActiveCfg = Release|Any CPU
		{26834AA4-D171-4A06-84D0-A4456A54F9D1}.Release|Any CPU.Build.0 = Release|Any CPU
		{684D588B-80EA-40D8-ACFE-410F6697C068}.Debug|Any CPU.ActiveCfg = Debug|Any CPU
		{684D588B-80EA-40D8-ACFE-410F6697C068}.Debug|Any CPU.Build.0 = Debug|Any CPU
		{684D588B-80EA-40D8-ACFE-410F6697C068}.Release|Any CPU.ActiveCfg = Release|Any CPU
		{684D588B-80EA-40D8-ACFE-410F6697C068}.Release|Any CPU.Build.0 = Release|Any CPU
		{E9394E30-E630-49A7-B84A-7E11EA4F7BB0}.Debug|Any CPU.ActiveCfg = Debug|Any CPU
		{E9394E30-E630-49A7-B84A-7E11EA4F7BB0}.Debug|Any CPU.Build.0 = Debug|Any CPU
		{E9394E30-E630-49A7-B84A-7E11EA4F7BB0}.Release|Any CPU.ActiveCfg = Release|Any CPU
		{E9394E30-E630-49A7-B84A-7E11EA4F7BB0}.Release|Any CPU.Build.0 = Release|Any CPU
		{14479BA8-7ACA-4914-8D2F-A686DD05AE6E}.Debug|Any CPU.ActiveCfg = Debug|Any CPU
		{14479BA8-7ACA-4914-8D2F-A686DD05AE6E}.Debug|Any CPU.Build.0 = Debug|Any CPU
		{14479BA8-7ACA-4914-8D2F-A686DD05AE6E}.Release|Any CPU.ActiveCfg = Release|Any CPU
		{14479BA8-7ACA-4914-8D2F-A686DD05AE6E}.Release|Any CPU.Build.0 = Release|Any CPU
		{EBC6C0C2-97E2-4816-A712-324ED5C0E67D}.Debug|Any CPU.ActiveCfg = Debug|Any CPU
		{EBC6C0C2-97E2-4816-A712-324ED5C0E67D}.Debug|Any CPU.Build.0 = Debug|Any CPU
		{EBC6C0C2-97E2-4816-A712-324ED5C0E67D}.Release|Any CPU.ActiveCfg = Release|Any CPU
		{EBC6C0C2-97E2-4816-A712-324ED5C0E67D}.Release|Any CPU.Build.0 = Release|Any CPU
		{82A73AC6-9CCF-4D38-834B-2BAFFF0F136F}.Debug|Any CPU.ActiveCfg = Debug|Any CPU
		{82A73AC6-9CCF-4D38-834B-2BAFFF0F136F}.Debug|Any CPU.Build.0 = Debug|Any CPU
		{82A73AC6-9CCF-4D38-834B-2BAFFF0F136F}.Release|Any CPU.ActiveCfg = Release|Any CPU
		{82A73AC6-9CCF-4D38-834B-2BAFFF0F136F}.Release|Any CPU.Build.0 = Release|Any CPU
		{4B62D232-0404-49E3-AF9F-7D876BE96D97}.Debug|Any CPU.ActiveCfg = Debug|Any CPU
		{4B62D232-0404-49E3-AF9F-7D876BE96D97}.Debug|Any CPU.Build.0 = Debug|Any CPU
		{4B62D232-0404-49E3-AF9F-7D876BE96D97}.Release|Any CPU.ActiveCfg = Release|Any CPU
		{4B62D232-0404-49E3-AF9F-7D876BE96D97}.Release|Any CPU.Build.0 = Release|Any CPU
		{75241853-CDE9-464F-9FCC-92896DEAA4C4}.Debug|Any CPU.ActiveCfg = Debug|Any CPU
		{75241853-CDE9-464F-9FCC-92896DEAA4C4}.Debug|Any CPU.Build.0 = Debug|Any CPU
		{75241853-CDE9-464F-9FCC-92896DEAA4C4}.Release|Any CPU.ActiveCfg = Release|Any CPU
		{75241853-CDE9-464F-9FCC-92896DEAA4C4}.Release|Any CPU.Build.0 = Release|Any CPU
		{5C672C92-9308-4ADD-B051-1DA40E0572BA}.Debug|Any CPU.ActiveCfg = Debug|Any CPU
		{5C672C92-9308-4ADD-B051-1DA40E0572BA}.Debug|Any CPU.Build.0 = Debug|Any CPU
		{5C672C92-9308-4ADD-B051-1DA40E0572BA}.Release|Any CPU.ActiveCfg = Release|Any CPU
		{5C672C92-9308-4ADD-B051-1DA40E0572BA}.Release|Any CPU.Build.0 = Release|Any CPU
		{7E8474F4-99BC-46D7-A50C-A7F2348AB288}.Debug|Any CPU.ActiveCfg = Debug|Any CPU
		{7E8474F4-99BC-46D7-A50C-A7F2348AB288}.Debug|Any CPU.Build.0 = Debug|Any CPU
		{7E8474F4-99BC-46D7-A50C-A7F2348AB288}.Release|Any CPU.ActiveCfg = Release|Any CPU
		{7E8474F4-99BC-46D7-A50C-A7F2348AB288}.Release|Any CPU.Build.0 = Release|Any CPU
		{CDDA4D17-8ABE-4DA4-A346-65CF86E1C02F}.Debug|Any CPU.ActiveCfg = Debug|Any CPU
		{CDDA4D17-8ABE-4DA4-A346-65CF86E1C02F}.Debug|Any CPU.Build.0 = Debug|Any CPU
		{CDDA4D17-8ABE-4DA4-A346-65CF86E1C02F}.Release|Any CPU.ActiveCfg = Release|Any CPU
		{CDDA4D17-8ABE-4DA4-A346-65CF86E1C02F}.Release|Any CPU.Build.0 = Release|Any CPU
		{56C5CEEF-3D3B-45E0-A3E6-929A92F86C08}.Debug|Any CPU.ActiveCfg = Debug|Any CPU
		{56C5CEEF-3D3B-45E0-A3E6-929A92F86C08}.Debug|Any CPU.Build.0 = Debug|Any CPU
		{56C5CEEF-3D3B-45E0-A3E6-929A92F86C08}.Release|Any CPU.ActiveCfg = Release|Any CPU
		{56C5CEEF-3D3B-45E0-A3E6-929A92F86C08}.Release|Any CPU.Build.0 = Release|Any CPU
	EndGlobalSection
	GlobalSection(SolutionProperties) = preSolution
		HideSolutionNode = FALSE
	EndGlobalSection
	GlobalSection(NestedProjects) = preSolution
		{82B765F0-48E9-4BD0-B5E8-D883EA373952} = {02EA681E-C7D8-13C7-8484-4AC65E1B71E8}
		{8BB985DE-AB8C-492B-9C84-36E77C22DBB3} = {27CCE550-AC37-4B51-83B1-EA24BABF5719}
		{FCF341E6-523D-47A0-94F1-068EDB4B46DF} = {A707DEFD-7853-44F5-98ED-7F200A296893}
		{87C5B19C-4CA0-4693-AAB4-13A6DA3C4B78} = {A707DEFD-7853-44F5-98ED-7F200A296893}
		{B450683B-8C75-4118-AE59-46AA3DAD5DB5} = {A707DEFD-7853-44F5-98ED-7F200A296893}
		{26834AA4-D171-4A06-84D0-A4456A54F9D1} = {1ABE8BA8-1B65-4509-9787-305D50903A94}
		{684D588B-80EA-40D8-ACFE-410F6697C068} = {1ABE8BA8-1B65-4509-9787-305D50903A94}
		{E9394E30-E630-49A7-B84A-7E11EA4F7BB0} = {1ABE8BA8-1B65-4509-9787-305D50903A94}
		{14479BA8-7ACA-4914-8D2F-A686DD05AE6E} = {0001B996-18F6-4C46-9BCC-914FD0EB1F69}
		{EBC6C0C2-97E2-4816-A712-324ED5C0E67D} = {0001B996-18F6-4C46-9BCC-914FD0EB1F69}
		{82A73AC6-9CCF-4D38-834B-2BAFFF0F136F} = {0001B996-18F6-4C46-9BCC-914FD0EB1F69}
		{4B62D232-0404-49E3-AF9F-7D876BE96D97} = {9758BA5B-F674-497B-9644-8A5C5D4F322C}
		{75241853-CDE9-464F-9FCC-92896DEAA4C4} = {9758BA5B-F674-497B-9644-8A5C5D4F322C}
		{5C672C92-9308-4ADD-B051-1DA40E0572BA} = {9758BA5B-F674-497B-9644-8A5C5D4F322C}
		{7E8474F4-99BC-46D7-A50C-A7F2348AB288} = {C5B08A50-9A8E-4087-8770-F4B4A26AF694}
		{CDDA4D17-8ABE-4DA4-A346-65CF86E1C02F} = {C5B08A50-9A8E-4087-8770-F4B4A26AF694}
		{56C5CEEF-3D3B-45E0-A3E6-929A92F86C08} = {C5B08A50-9A8E-4087-8770-F4B4A26AF694}
	EndGlobalSection
	GlobalSection(ExtensibilityGlobals) = postSolution
		SolutionGuid = {4947AE50-3959-4160-85D7-83101C205982}
	EndGlobalSection
EndGlobal
